{
  "name": "geojson-merge",
  "version": "1.0.0",
  "lockfileVersion": 1,
  "requires": true,
  "dependencies": {
    "fs": {
      "version": "0.0.1-security",
      "resolved": "https://registry.npmjs.org/fs/-/fs-0.0.1-security.tgz",
      "integrity": "sha1-invTcYa23d84E/I4WLV+yq9eQdQ="
    },
    "jsts": {
      "version": "2.8.1",
      "resolved": "https://registry.npmjs.org/jsts/-/jsts-2.8.1.tgz",
      "integrity": "sha512-1YXAiK7qidLe+MGcwNzHFERM420psy49JtGD4zVIkMBQ8Q563BjoKsexejszcSbiiwypq39kvin67d1lJBrZXQ=="
    }
  }
}
